# This file is autogenerated, do not edit; changes may be undone by the next 'dep ensure'.


[[projects]]
  digest = "1:9b0e71863f18fc5de645a263184c8a6409ae731e847b35b25da4be818f1975fa"
  name = "github.com/golang/protobuf"
  packages = ["proto"]
  pruneopts = "UT"
  revision = "1e59b77b52bf8e4b449a57e6f79f21226d571845"

[[projects]]
  digest = "1:917c7f494942a62fcc24993a3d74921ff752aaf76e3fe00d899479f43926f803"
  name = "github.com/google/go-github"
  packages = ["github"]
  pruneopts = "UT"
  revision = "872b3704ba8e8c5709aa4c9f66f204bb1cf2b135"

[[projects]]
  digest = "1:a63cff6b5d8b95638bfe300385d93b2a6d9d687734b863da8e09dc834510a690"
  name = "github.com/google/go-querystring"
  packages = ["query"]
  pruneopts = "UT"
  revision = "53e6ce116135b80d037921a7fdd5138cf32d7a8a"

[[projects]]
  digest = "1:b24d38b282bacf9791408a080f606370efa3d364e4b5fd9ba0f7b87786d3b679"
  name = "github.com/urfave/cli"
  packages = ["."]
  pruneopts = "UT"
  revision = "cfb38830724cc34fedffe9a2a29fb54fa9169cd1"
  version = "v1.20.0"

[[projects]]
  digest = "1:ac7dc2013947eefefab215bf868e0120a3d1eb9ca1866cb77b9fd820973cc739"
  name = "golang.org/x/net"
  packages = [
    "context",
    "context/ctxhttp",
  ]
  pruneopts = "UT"
  revision = "d1e1b351919c6738fdeb9893d5c998b161464f0c"

[[projects]]
  digest = "1:78e424b28e2429a31fd77655bae074ca4a577484623db5d9a4c44460bec7a8d6"
  name = "golang.org/x/oauth2"
  packages = [
    ".",
    "internal",
  ]
  pruneopts = "UT"
  revision = "197281d4e0ecd78c33865daf9c6e51626feefcb2"

[[projects]]
  digest = "1:6f70bd0b9a5523da63959e96b0351c06ed36330a63dcc88e506db2d01785fe2d"
  name = "google.golang.org/appengine"
  packages = [
    "internal",
    "internal/base",
    "internal/datastore",
    "internal/log",
    "internal/remote_api",
    "internal/urlfetch",
    "urlfetch",
  ]
  pruneopts = "UT"
  revision = "5bee14b453b4c71be47ec1781b0fa61c2ea182db"

[solve-meta]
  analyzer-name = "dep"
  analyzer-version = 1
  input-imports = [
    "github.com/google/go-github/github",
    "github.com/urfave/cli",
    "golang.org/x/oauth2",
  ]
  solver-name = "gps-cdcl"
  solver-version = 1
